
Microsoft Visual Studio Solution File, Format Version 12.00
# Visual Studio 15
VisualStudioVersion = 15.0.26228.9
MinimumVisualStudioVersion = 10.0.40219.1
Project("{FAE04EC0-301F-11D3-BF4B-00C04F79EFBC}") = "TFFtest", "TFFtest\TFFtest.csproj", "{213CF7E9-2897-4D87-B6AE-3DD6D7307021}"
EndProject
Project("{FAE04EC0-301F-11D3-BF4B-00C04F79EFBC}") = "TFFtest.Tests", "TFFtest.Tests01\TFFtest.Tests.csproj", "{4E482956-AAFD-4322-971F-3846FB9BDF20}"
EndProject
Project("{F088123C-0E9E-452A-89E6-6BA2F21D5CAC}") = "ModelingProject1", "ModelingProject1\ModelingProject1.modelproj", "{4C9A4320-E823-481A-AAF7-523AA0684766}"
EndProject
Global
	GlobalSection(SolutionConfigurationPlatforms) = preSolution
		Debug|Any CPU = Debug|Any CPU
		Release|Any CPU = Release|Any CPU
	EndGlobalSection
	GlobalSection(ProjectConfigurationPlatforms) = postSolution
		{213CF7E9-2897-4D87-B6AE-3DD6D7307021}.Debug|Any CPU.ActiveCfg = Debug|Any CPU
		{213CF7E9-2897-4D87-B6AE-3DD6D7307021}.Debug|Any CPU.Build.0 = Debug|Any CPU
		{213CF7E9-2897-4D87-B6AE-3DD6D7307021}.Release|Any CPU.ActiveCfg = Release|Any CPU
		{213CF7E9-2897-4D87-B6AE-3DD6D7307021}.Release|Any CPU.Build.0 = Release|Any CPU
		{4E482956-AAFD-4322-971F-3846FB9BDF20}.Debug|Any CPU.ActiveCfg = Debug|Any CPU
		{4E482956-AAFD-4322-971F-3846FB9BDF20}.Debug|Any CPU.Build.0 = Debug|Any CPU
		{4E482956-AAFD-4322-971F-3846FB9BDF20}.Release|Any CPU.ActiveCfg = Release|Any CPU
		{4E482956-AAFD-4322-971F-3846FB9BDF20}.Release|Any CPU.Build.0 = Release|Any CPU
		{4C9A4320-E823-481A-AAF7-523AA0684766}.Debug|Any CPU.ActiveCfg = Debug|Any CPU
		{4C9A4320-E823-481A-AAF7-523AA0684766}.Debug|Any CPU.Build.0 = Debug|Any CPU
		{4C9A4320-E823-481A-AAF7-523AA0684766}.Release|Any CPU.ActiveCfg = Release|Any CPU
		{4C9A4320-E823-481A-AAF7-523AA0684766}.Release|Any CPU.Build.0 = Release|Any CPU
	EndGlobalSection
	GlobalSection(SolutionProperties) = preSolution
		HideSolutionNode = FALSE
	EndGlobalSection
EndGlobal
